
Microsoft Visual Studio Solution File, Format Version 12.00
# Visual Studio 2013
VisualStudioVersion = 12.0.31101.0
MinimumVisualStudioVersion = 10.0.40219.1
Project("{FAE04EC0-301F-11D3-BF4B-00C04F79EFBC}") = "OnTimeGCApi", "OnTimeGCApi\OnTimeGCApi.csproj", "{D4BA0A72-86D6-4B5F-907C-1BF4C8EF8289}"
EndProject
Project("{FAE04EC0-301F-11D3-BF4B-00C04F79EFBC}") = "UnitTest", "UnitTest\UnitTest.csproj", "{6C4EF903-3175-49F4-9AF9-F7E4E082A347}"
EndProject
Project("{FAE04EC0-301F-11D3-BF4B-00C04F79EFBC}") = "ExampleApplication", "ExampleApplication\ExampleApplication.csproj", "{1B9712CB-FC2B-4D62-B5AB-E0075C095870}"
EndProject
Global
	GlobalSection(SolutionConfigurationPlatforms) = preSolution
		Debug|Any CPU = Debug|Any CPU
		Release|Any CPU = Release|Any CPU
	EndGlobalSection
	GlobalSection(ProjectConfigurationPlatforms) = postSolution
		{D4BA0A72-86D6-4B5F-907C-1BF4C8EF8289}.Debug|Any CPU.ActiveCfg = Debug|Any CPU
		{D4BA0A72-86D6-4B5F-907C-1BF4C8EF8289}.Debug|Any CPU.Build.0 = Debug|Any CPU
		{D4BA0A72-86D6-4B5F-907C-1BF4C8EF8289}.Release|Any CPU.ActiveCfg = Release|Any CPU
		{D4BA0A72-86D6-4B5F-907C-1BF4C8EF8289}.Release|Any CPU.Build.0 = Release|Any CPU
		{6C4EF903-3175-49F4-9AF9-F7E4E082A347}.Debug|Any CPU.ActiveCfg = Debug|Any CPU
		{6C4EF903-3175-49F4-9AF9-F7E4E082A347}.Debug|Any CPU.Build.0 = Debug|Any CPU
		{6C4EF903-3175-49F4-9AF9-F7E4E082A347}.Release|Any CPU.ActiveCfg = Release|Any CPU
		{6C4EF903-3175-49F4-9AF9-F7E4E082A347}.Release|Any CPU.Build.0 = Release|Any CPU
		{1B9712CB-FC2B-4D62-B5AB-E0075C095870}.Debug|Any CPU.ActiveCfg = Debug|Any CPU
		{1B9712CB-FC2B-4D62-B5AB-E0075C095870}.Debug|Any CPU.Build.0 = Debug|Any CPU
		{1B9712CB-FC2B-4D62-B5AB-E0075C095870}.Release|Any CPU.ActiveCfg = Release|Any CPU
		{1B9712CB-FC2B-4D62-B5AB-E0075C095870}.Release|Any CPU.Build.0 = Release|Any CPU
	EndGlobalSection
	GlobalSection(SolutionProperties) = preSolution
		HideSolutionNode = FALSE
	EndGlobalSection
EndGlobal
