
Microsoft Visual Studio Solution File, Format Version 12.00
# Visual Studio 15
VisualStudioVersion = 15.0.26430.16
MinimumVisualStudioVersion = 10.0.40219.1
Project("{FAE04EC0-301F-11D3-BF4B-00C04F79EFBC}") = "OnTimeGCApi", "OnTimeGCApi\OnTimeGCApi.csproj", "{D4BA0A72-86D6-4B5F-907C-1BF4C8EF8289}"
EndProject
Project("{FAE04EC0-301F-11D3-BF4B-00C04F79EFBC}") = "OnTimeGCApi.Test", "OnTimeGCApi.Test\OnTimeGCApi.Test.csproj", "{76B4DD67-D177-4875-8F7E-D10EABDF8E02}"
EndProject
Global
	GlobalSection(SolutionConfigurationPlatforms) = preSolution
		Debug|Any CPU = Debug|Any CPU
		Release|Any CPU = Release|Any CPU
	EndGlobalSection
	GlobalSection(ProjectConfigurationPlatforms) = postSolution
		{D4BA0A72-86D6-4B5F-907C-1BF4C8EF8289}.Debug|Any CPU.ActiveCfg = Debug|Any CPU
		{D4BA0A72-86D6-4B5F-907C-1BF4C8EF8289}.Debug|Any CPU.Build.0 = Debug|Any CPU
		{D4BA0A72-86D6-4B5F-907C-1BF4C8EF8289}.Release|Any CPU.ActiveCfg = Release|Any CPU
		{D4BA0A72-86D6-4B5F-907C-1BF4C8EF8289}.Release|Any CPU.Build.0 = Release|Any CPU
		{76B4DD67-D177-4875-8F7E-D10EABDF8E02}.Debug|Any CPU.ActiveCfg = Debug|Any CPU
		{76B4DD67-D177-4875-8F7E-D10EABDF8E02}.Debug|Any CPU.Build.0 = Debug|Any CPU
		{76B4DD67-D177-4875-8F7E-D10EABDF8E02}.Release|Any CPU.ActiveCfg = Release|Any CPU
		{76B4DD67-D177-4875-8F7E-D10EABDF8E02}.Release|Any CPU.Build.0 = Release|Any CPU
	EndGlobalSection
	GlobalSection(SolutionProperties) = preSolution
		HideSolutionNode = FALSE
	EndGlobalSection
EndGlobal
